
Microsoft Visual Studio Solution File, Format Version 12.00
# Visual Studio Version 17
VisualStudioVersion = 17.11.35222.181
MinimumVisualStudioVersion = 10.0.40219.1
Project("{FAE04EC0-301F-11D3-BF4B-00C04F79EFBC}") = "footgolf", "footgolf\footgolf.csproj", "{35F539BA-AF65-4271-8B70-F26ECEB8EFB4}"
EndProject
Global
	GlobalSection(SolutionConfigurationPlatforms) = preSolution
		Debug|Any CPU = Debug|Any CPU
		Release|Any CPU = Release|Any CPU
	EndGlobalSection
	GlobalSection(ProjectConfigurationPlatforms) = postSolution
		{35F539BA-AF65-4271-8B70-F26ECEB8EFB4}.Debug|Any CPU.ActiveCfg = Debug|Any CPU
		{35F539BA-AF65-4271-8B70-F26ECEB8EFB4}.Debug|Any CPU.Build.0 = Debug|Any CPU
		{35F539BA-AF65-4271-8B70-F26ECEB8EFB4}.Release|Any CPU.ActiveCfg = Release|Any CPU
		{35F539BA-AF65-4271-8B70-F26ECEB8EFB4}.Release|Any CPU.Build.0 = Release|Any CPU
	EndGlobalSection
	GlobalSection(SolutionProperties) = preSolution
		HideSolutionNode = FALSE
	EndGlobalSection
	GlobalSection(ExtensibilityGlobals) = postSolution
		SolutionGuid = {625DAE68-2E56-4EDD-893A-C8D8DC848DA4}
	EndGlobalSection
EndGlobal
